
Microsoft Visual Studio Solution File, Format Version 12.00
# Visual Studio Version 17
VisualStudioVersion = 17.9.34622.214
MinimumVisualStudioVersion = 10.0.40219.1
Project("{FAE04EC0-301F-11D3-BF4B-00C04F79EFBC}") = "SingleResponsibilityPrinciple", "SingleResponsibilityPrinciple\SingleResponsibilityPrinciple.csproj", "{3FF04416-F466-41B9-8C46-ACDB2D246B54}"
EndProject
Project("{FAE04EC0-301F-11D3-BF4B-00C04F79EFBC}") = "OpenClosePrinciple", "OpenClosePrinciple\OpenClosePrinciple.csproj", "{936BEC13-75EA-4020-A9D1-AF6113B17459}"
EndProject
Project("{FAE04EC0-301F-11D3-BF4B-00C04F79EFBC}") = "InterfaceSegregationPrinciple", "InterfaceSegregationPrinciple\InterfaceSegregationPrinciple.csproj", "{DBCB0B6A-06FE-4C9B-AAED-361972F2936F}"
EndProject
Project("{FAE04EC0-301F-11D3-BF4B-00C04F79EFBC}") = "DependencyInversionPrinciple", "DependencyInversionPrinciple\DependencyInversionPrinciple.csproj", "{347D4D2C-76C1-4C00-BD49-B9C959220142}"
EndProject
Project("{FAE04EC0-301F-11D3-BF4B-00C04F79EFBC}") = "LiskovSubstitutionPrinciple", "LiskovSubstitutionPrinciple\LiskovSubstitutionPrinciple.csproj", "{2862D674-8B40-4D3F-A6F9-776177204059}"
EndProject
Global
	GlobalSection(SolutionConfigurationPlatforms) = preSolution
		Debug|Any CPU = Debug|Any CPU
		Release|Any CPU = Release|Any CPU
	EndGlobalSection
	GlobalSection(ProjectConfigurationPlatforms) = postSolution
		{3FF04416-F466-41B9-8C46-ACDB2D246B54}.Debug|Any CPU.ActiveCfg = Debug|Any CPU
		{3FF04416-F466-41B9-8C46-ACDB2D246B54}.Debug|Any CPU.Build.0 = Debug|Any CPU
		{3FF04416-F466-41B9-8C46-ACDB2D246B54}.Release|Any CPU.ActiveCfg = Release|Any CPU
		{3FF04416-F466-41B9-8C46-ACDB2D246B54}.Release|Any CPU.Build.0 = Release|Any CPU
		{936BEC13-75EA-4020-A9D1-AF6113B17459}.Debug|Any CPU.ActiveCfg = Debug|Any CPU
		{936BEC13-75EA-4020-A9D1-AF6113B17459}.Debug|Any CPU.Build.0 = Debug|Any CPU
		{936BEC13-75EA-4020-A9D1-AF6113B17459}.Release|Any CPU.ActiveCfg = Release|Any CPU
		{936BEC13-75EA-4020-A9D1-AF6113B17459}.Release|Any CPU.Build.0 = Release|Any CPU
		{DBCB0B6A-06FE-4C9B-AAED-361972F2936F}.Debug|Any CPU.ActiveCfg = Debug|Any CPU
		{DBCB0B6A-06FE-4C9B-AAED-361972F2936F}.Debug|Any CPU.Build.0 = Debug|Any CPU
		{DBCB0B6A-06FE-4C9B-AAED-361972F2936F}.Release|Any CPU.ActiveCfg = Release|Any CPU
		{DBCB0B6A-06FE-4C9B-AAED-361972F2936F}.Release|Any CPU.Build.0 = Release|Any CPU
		{347D4D2C-76C1-4C00-BD49-B9C959220142}.Debug|Any CPU.ActiveCfg = Debug|Any CPU
		{347D4D2C-76C1-4C00-BD49-B9C959220142}.Debug|Any CPU.Build.0 = Debug|Any CPU
		{347D4D2C-76C1-4C00-BD49-B9C959220142}.Release|Any CPU.ActiveCfg = Release|Any CPU
		{347D4D2C-76C1-4C00-BD49-B9C959220142}.Release|Any CPU.Build.0 = Release|Any CPU
		{2862D674-8B40-4D3F-A6F9-776177204059}.Debug|Any CPU.ActiveCfg = Debug|Any CPU
		{2862D674-8B40-4D3F-A6F9-776177204059}.Debug|Any CPU.Build.0 = Debug|Any CPU
		{2862D674-8B40-4D3F-A6F9-776177204059}.Release|Any CPU.ActiveCfg = Release|Any CPU
		{2862D674-8B40-4D3F-A6F9-776177204059}.Release|Any CPU.Build.0 = Release|Any CPU
	EndGlobalSection
	GlobalSection(SolutionProperties) = preSolution
		HideSolutionNode = FALSE
	EndGlobalSection
	GlobalSection(ExtensibilityGlobals) = postSolution
		SolutionGuid = {C01D0B8B-E561-4B9B-8A8E-FF1C7004A0A8}
	EndGlobalSection
EndGlobal
