
Microsoft Visual Studio Solution File, Format Version 12.00
# Visual Studio Version 17
VisualStudioVersion = 17.9.34622.214
MinimumVisualStudioVersion = 10.0.40219.1
Project("{9A19103F-16F7-4668-BE54-9A1E7A4F7556}") = "InputOutput", "CommonC#Topics\InputOutput.csproj", "{B67E0C36-7DCA-425A-BCB4-FFADF02092F9}"
EndProject
Project("{9A19103F-16F7-4668-BE54-9A1E7A4F7556}") = "VariableDeclare", "VariableDeclare\VariableDeclare.csproj", "{DE870C29-26B2-40A1-B118-F088E82FABC7}"
EndProject
Project("{9A19103F-16F7-4668-BE54-9A1E7A4F7556}") = "DataType", "DataType\DataType.csproj", "{416B9695-AE27-4929-9E54-D1DF6DCB61F1}"
EndProject
Project("{9A19103F-16F7-4668-BE54-9A1E7A4F7556}") = "Methods", "Methods\Methods.csproj", "{93259F99-2ABF-4035-BD07-4EE91F74A17C}"
EndProject
Project("{9A19103F-16F7-4668-BE54-9A1E7A4F7556}") = "Abstruction.cs", "Abstruction.cs\Abstruction.cs.csproj", "{4ECAEA50-D13F-43B4-8490-B4B95AA9F7BB}"
EndProject
Project("{9A19103F-16F7-4668-BE54-9A1E7A4F7556}") = "Polymorphism.cs", "Polymorphism.cs\Polymorphism.cs.csproj", "{81AB0C22-1699-4A85-99B1-43226A376282}"
EndProject
Project("{9A19103F-16F7-4668-BE54-9A1E7A4F7556}") = "Enum", "Enum\Enum.csproj", "{7AE99F48-261F-4D9C-ADD5-D776C63E369B}"
EndProject
Project("{9A19103F-16F7-4668-BE54-9A1E7A4F7556}") = "Constructor.cs", "Constructor.cs\Constructor.cs.csproj", "{84E8A1F7-C348-4957-B6EC-7B54746C5E60}"
EndProject
Project("{9A19103F-16F7-4668-BE54-9A1E7A4F7556}") = "AccessModifier.cs", "AccessModifier.cs\AccessModifier.cs.csproj", "{17F7B356-7A49-4511-B9C9-C602A377007E}"
EndProject
Project("{9A19103F-16F7-4668-BE54-9A1E7A4F7556}") = "Operator", "Operator\Operator.csproj", "{A6AAD053-C77F-454F-971B-65360948AABD}"
EndProject
Project("{9A19103F-16F7-4668-BE54-9A1E7A4F7556}") = "Array", "Array\Array.csproj", "{497515EB-5E44-438C-A257-502974B9BF53}"
EndProject
Project("{9A19103F-16F7-4668-BE54-9A1E7A4F7556}") = "ForLoop", "ForLoop\ForLoop.csproj", "{13957E22-9EF0-46EC-8DD1-11AA49B5844F}"
EndProject
Project("{9A19103F-16F7-4668-BE54-9A1E7A4F7556}") = "ArrayList", "ArrayList\ArrayList.csproj", "{64B599A8-7155-4184-8C3E-A06415390BC2}"
EndProject
Project("{9A19103F-16F7-4668-BE54-9A1E7A4F7556}") = "List", "List\List.csproj", "{A7D90875-04B5-4039-9096-4D69D41CE15B}"
EndProject
Project("{9A19103F-16F7-4668-BE54-9A1E7A4F7556}") = "DemoXML", "DemoXML\DemoXML.csproj", "{1A8FDABA-D876-4E5F-B00A-F184F62CBC88}"
EndProject
Project("{9A19103F-16F7-4668-BE54-9A1E7A4F7556}") = "Variables", "Variables\Variables.csproj", "{66A92853-651D-4CE9-B900-84F357369712}"
EndProject
Project("{9A19103F-16F7-4668-BE54-9A1E7A4F7556}") = "Struct", "Struct\Struct.csproj", "{4127247C-F270-46E2-B780-D8BF50FF1378}"
EndProject
Project("{9A19103F-16F7-4668-BE54-9A1E7A4F7556}") = "Anonymous", "Anonymous\Anonymous.csproj", "{44C29E49-2857-463E-94C1-6BF22945907C}"
EndProject
Project("{9A19103F-16F7-4668-BE54-9A1E7A4F7556}") = "StringBuilder", "StringBuilder\StringBuilder.csproj", "{86CD9B60-DCA6-413E-8C01-A962910B1A66}"
EndProject
Project("{9A19103F-16F7-4668-BE54-9A1E7A4F7556}") = "SwitchCase", "SwitchCase\SwitchCase.csproj", "{AA5BB87C-0307-4855-BF16-EC5CFB453CF5}"
EndProject
Project("{9A19103F-16F7-4668-BE54-9A1E7A4F7556}") = "WhileLoop", "WhileLoop\WhileLoop.csproj", "{DD322069-9BB3-44A4-A189-02A25A9A1003}"
EndProject
Project("{9A19103F-16F7-4668-BE54-9A1E7A4F7556}") = "Encaptulation", "Encaptulation\Encaptulation.csproj", "{A46A9061-31E4-4C30-9263-E8933FD471B0}"
EndProject
Project("{9A19103F-16F7-4668-BE54-9A1E7A4F7556}") = "ConstructorOverloading", "ConstructorOverloading\ConstructorOverloading.csproj", "{C88DFDB5-09CD-45E8-9EEB-7834AF5DD18E}"
EndProject
Project("{9A19103F-16F7-4668-BE54-9A1E7A4F7556}") = "Static", "Static\Static.csproj", "{F5E87768-F7E8-4637-A22D-F5DB661A267C}"
EndProject
Project("{9A19103F-16F7-4668-BE54-9A1E7A4F7556}") = "Inheritance", "Inheritance\Inheritance.csproj", "{1F976308-653A-4FAB-9D0C-835F71EF9028}"
EndProject
Project("{9A19103F-16F7-4668-BE54-9A1E7A4F7556}") = "ValueTypeRefType", "ValueTypeRefType\ValueTypeRefType.csproj", "{ED52C354-571E-4F7A-9C28-7E2838B50DD7}"
EndProject
Project("{9A19103F-16F7-4668-BE54-9A1E7A4F7556}") = "DemoProgramPractice", "DemoProgramPractice\DemoProgramPractice.csproj", "{1CEE9D8C-2C97-410F-89ED-3E817C81B6EF}"
EndProject
Project("{9A19103F-16F7-4668-BE54-9A1E7A4F7556}") = "Singleton", "Singleton\Singleton.csproj", "{0B4080C6-980B-41CA-B5BD-1D397BB7D4D6}"
EndProject
Project("{9A19103F-16F7-4668-BE54-9A1E7A4F7556}") = "ProjectEntryPoint", "ProjectEntryPoint\ProjectEntryPoint.csproj", "{07C97073-A3A3-447A-A197-E4181F9B22C2}"
EndProject
Project("{9A19103F-16F7-4668-BE54-9A1E7A4F7556}") = "ValueTypeRef!", "ValueTypeRef!\ValueTypeRef!.csproj", "{853B498D-9D0E-4F17-96CD-A75D64D7FCB9}"
EndProject
Project("{9A19103F-16F7-4668-BE54-9A1E7A4F7556}") = "SealedClass", "SealedClass\SealedClass.csproj", "{E0CC7F84-EF61-48C4-9B40-4DC0D4DEE795}"
EndProject
Project("{9A19103F-16F7-4668-BE54-9A1E7A4F7556}") = "Method", "Method\Method.csproj", "{04B9452B-E691-4FED-9227-3AEF05ED980B}"
EndProject
Project("{9A19103F-16F7-4668-BE54-9A1E7A4F7556}") = "StringMethod", "StringType\StringMethod.csproj", "{FF641D4A-3B7A-45B6-A6C9-52B2D4A24D38}"
EndProject
Project("{9A19103F-16F7-4668-BE54-9A1E7A4F7556}") = "BoxingUnboxing", "BoxingUnboxing\BoxingUnboxing.csproj", "{88882FFC-A67E-445E-9444-B05E9F67C1D0}"
EndProject
Project("{9A19103F-16F7-4668-BE54-9A1E7A4F7556}") = "Generics", "Generics\Generics.csproj", "{FE8EC7FA-891B-4559-B3A9-4F8F6E1D077A}"
EndProject
Project("{9A19103F-16F7-4668-BE54-9A1E7A4F7556}") = "Delegate", "Delegate\Delegate.csproj", "{C07A3301-2789-426F-85B9-54DA30416053}"
EndProject
Project("{9A19103F-16F7-4668-BE54-9A1E7A4F7556}") = "SortedList", "SortedList\SortedList.csproj", "{25DE07CE-33D1-4B63-BE87-226B985672C1}"
EndProject
Project("{9A19103F-16F7-4668-BE54-9A1E7A4F7556}") = "OutSideClass", "OutSideClass\OutSideClass.csproj", "{69138CF4-7F2B-483B-BDE3-76F50926D242}"
EndProject
Project("{9A19103F-16F7-4668-BE54-9A1E7A4F7556}") = "Dictionary", "Dictionary\Dictionary.csproj", "{2A92E326-DA4C-4E41-8195-8764A7F0E698}"
EndProject
Project("{9A19103F-16F7-4668-BE54-9A1E7A4F7556}") = "HashTable", "HashTable\HashTable.csproj", "{73D80A27-4A3B-4C39-983E-C3DC21A77B3A}"
EndProject
Project("{9A19103F-16F7-4668-BE54-9A1E7A4F7556}") = "ObjectMethod", "ObjectMethod\ObjectMethod.csproj", "{7C73117B-B7AE-4EB6-BE3D-EC2192A661E1}"
EndProject
Project("{9A19103F-16F7-4668-BE54-9A1E7A4F7556}") = "OperatorOverloading", "OperatorOverloading\OperatorOverloading.csproj", "{D7EF5C7C-84CF-4460-985D-BC9477A07119}"
EndProject
Project("{9A19103F-16F7-4668-BE54-9A1E7A4F7556}") = "InterfaceOOP", "InterfaceOOP\InterfaceOOP.csproj", "{A19AC0BF-904F-42A4-972E-C8E6778B126D}"
EndProject
Project("{9A19103F-16F7-4668-BE54-9A1E7A4F7556}") = "PartialClassAndMethod", "PartialClassAndMethod\PartialClassAndMethod.csproj", "{49613ABE-E219-4867-A9E0-2D01CBDD5DEA}"
EndProject
Project("{9A19103F-16F7-4668-BE54-9A1E7A4F7556}") = "ManageUnmanagedCode", "ManageUnmanagedCode\ManageUnmanagedCode.csproj", "{88568742-2E66-407F-86CE-EA8261FBE66D}"
EndProject
Project("{9A19103F-16F7-4668-BE54-9A1E7A4F7556}") = "GenericsPractice", "GenericsPractice\GenericsPractice.csproj", "{4F725A10-C29B-4800-99EF-059663A2DC5D}"
EndProject
Project("{9A19103F-16F7-4668-BE54-9A1E7A4F7556}") = "GenericsCollection", "GenericsCollection\GenericsCollection.csproj", "{E8DAD9B7-94DD-410D-A4E3-9A0551165751}"
EndProject
Project("{9A19103F-16F7-4668-BE54-9A1E7A4F7556}") = "CommandLineArgs", "CommandLineArgs\CommandLineArgs.csproj", "{699D8B48-C525-4C69-9641-C57B70DD3D9C}"
EndProject
Project("{9A19103F-16F7-4668-BE54-9A1E7A4F7556}") = "SynchoronousAndAsynchronousMethods", "SynchoronousAndAsynchronousMethods\SynchoronousAndAsynchronousMethods.csproj", "{345B5607-56F3-4F43-B089-376D1227D648}"
EndProject
Project("{9A19103F-16F7-4668-BE54-9A1E7A4F7556}") = "FilesProject", "FilesProject\FilesProject.csproj", "{D6AF5412-10E4-45CC-9730-82B3F6ECCEAD}"
EndProject
Project("{9A19103F-16F7-4668-BE54-9A1E7A4F7556}") = "ExecptionAndExceptionHandling", "ExecptionAndExceptionHandling\ExecptionAndExceptionHandling.csproj", "{BC44F246-1835-4533-8D16-957519FA5D3E}"
EndProject
Project("{9A19103F-16F7-4668-BE54-9A1E7A4F7556}") = "HashsetProblemSolving", "HashsetProblemSolving\HashsetProblemSolving.csproj", "{46239381-B961-4125-9373-6E3FC9780594}"
EndProject
Project("{9A19103F-16F7-4668-BE54-9A1E7A4F7556}") = "GenericList", "GenericList\GenericList.csproj", "{805B1DE1-9945-4985-886D-375D1411873D}"
EndProject
Project("{9A19103F-16F7-4668-BE54-9A1E7A4F7556}") = "2DArray", "2DArray\2DArray.csproj", "{CCBE9A50-6B0D-4013-883B-8AB0B37ABD19}"
EndProject
Project("{FAE04EC0-301F-11D3-BF4B-00C04F79EFBC}") = "HashSet", "HashSet\HashSet.csproj", "{78E4D4ED-704D-4D0D-8DB1-37D1314BC0B7}"
EndProject
Global
	GlobalSection(SolutionConfigurationPlatforms) = preSolution
		Debug|Any CPU = Debug|Any CPU
		Release|Any CPU = Release|Any CPU
	EndGlobalSection
	GlobalSection(ProjectConfigurationPlatforms) = postSolution
		{B67E0C36-7DCA-425A-BCB4-FFADF02092F9}.Debug|Any CPU.ActiveCfg = Debug|Any CPU
		{B67E0C36-7DCA-425A-BCB4-FFADF02092F9}.Debug|Any CPU.Build.0 = Debug|Any CPU
		{B67E0C36-7DCA-425A-BCB4-FFADF02092F9}.Release|Any CPU.ActiveCfg = Release|Any CPU
		{B67E0C36-7DCA-425A-BCB4-FFADF02092F9}.Release|Any CPU.Build.0 = Release|Any CPU
		{DE870C29-26B2-40A1-B118-F088E82FABC7}.Debug|Any CPU.ActiveCfg = Debug|Any CPU
		{DE870C29-26B2-40A1-B118-F088E82FABC7}.Debug|Any CPU.Build.0 = Debug|Any CPU
		{DE870C29-26B2-40A1-B118-F088E82FABC7}.Release|Any CPU.ActiveCfg = Release|Any CPU
		{DE870C29-26B2-40A1-B118-F088E82FABC7}.Release|Any CPU.Build.0 = Release|Any CPU
		{416B9695-AE27-4929-9E54-D1DF6DCB61F1}.Debug|Any CPU.ActiveCfg = Debug|Any CPU
		{416B9695-AE27-4929-9E54-D1DF6DCB61F1}.Debug|Any CPU.Build.0 = Debug|Any CPU
		{416B9695-AE27-4929-9E54-D1DF6DCB61F1}.Release|Any CPU.ActiveCfg = Release|Any CPU
		{416B9695-AE27-4929-9E54-D1DF6DCB61F1}.Release|Any CPU.Build.0 = Release|Any CPU
		{93259F99-2ABF-4035-BD07-4EE91F74A17C}.Debug|Any CPU.ActiveCfg = Debug|Any CPU
		{93259F99-2ABF-4035-BD07-4EE91F74A17C}.Debug|Any CPU.Build.0 = Debug|Any CPU
		{93259F99-2ABF-4035-BD07-4EE91F74A17C}.Release|Any CPU.ActiveCfg = Release|Any CPU
		{93259F99-2ABF-4035-BD07-4EE91F74A17C}.Release|Any CPU.Build.0 = Release|Any CPU
		{4ECAEA50-D13F-43B4-8490-B4B95AA9F7BB}.Debug|Any CPU.ActiveCfg = Debug|Any CPU
		{4ECAEA50-D13F-43B4-8490-B4B95AA9F7BB}.Debug|Any CPU.Build.0 = Debug|Any CPU
		{4ECAEA50-D13F-43B4-8490-B4B95AA9F7BB}.Release|Any CPU.ActiveCfg = Release|Any CPU
		{4ECAEA50-D13F-43B4-8490-B4B95AA9F7BB}.Release|Any CPU.Build.0 = Release|Any CPU
		{81AB0C22-1699-4A85-99B1-43226A376282}.Debug|Any CPU.ActiveCfg = Debug|Any CPU
		{81AB0C22-1699-4A85-99B1-43226A376282}.Debug|Any CPU.Build.0 = Debug|Any CPU
		{81AB0C22-1699-4A85-99B1-43226A376282}.Release|Any CPU.ActiveCfg = Release|Any CPU
		{81AB0C22-1699-4A85-99B1-43226A376282}.Release|Any CPU.Build.0 = Release|Any CPU
		{7AE99F48-261F-4D9C-ADD5-D776C63E369B}.Debug|Any CPU.ActiveCfg = Debug|Any CPU
		{7AE99F48-261F-4D9C-ADD5-D776C63E369B}.Debug|Any CPU.Build.0 = Debug|Any CPU
		{7AE99F48-261F-4D9C-ADD5-D776C63E369B}.Release|Any CPU.ActiveCfg = Release|Any CPU
		{7AE99F48-261F-4D9C-ADD5-D776C63E369B}.Release|Any CPU.Build.0 = Release|Any CPU
		{84E8A1F7-C348-4957-B6EC-7B54746C5E60}.Debug|Any CPU.ActiveCfg = Debug|Any CPU
		{84E8A1F7-C348-4957-B6EC-7B54746C5E60}.Debug|Any CPU.Build.0 = Debug|Any CPU
		{84E8A1F7-C348-4957-B6EC-7B54746C5E60}.Release|Any CPU.ActiveCfg = Release|Any CPU
		{84E8A1F7-C348-4957-B6EC-7B54746C5E60}.Release|Any CPU.Build.0 = Release|Any CPU
		{17F7B356-7A49-4511-B9C9-C602A377007E}.Debug|Any CPU.ActiveCfg = Debug|Any CPU
		{17F7B356-7A49-4511-B9C9-C602A377007E}.Debug|Any CPU.Build.0 = Debug|Any CPU
		{17F7B356-7A49-4511-B9C9-C602A377007E}.Release|Any CPU.ActiveCfg = Release|Any CPU
		{17F7B356-7A49-4511-B9C9-C602A377007E}.Release|Any CPU.Build.0 = Release|Any CPU
		{A6AAD053-C77F-454F-971B-65360948AABD}.Debug|Any CPU.ActiveCfg = Debug|Any CPU
		{A6AAD053-C77F-454F-971B-65360948AABD}.Debug|Any CPU.Build.0 = Debug|Any CPU
		{A6AAD053-C77F-454F-971B-65360948AABD}.Release|Any CPU.ActiveCfg = Release|Any CPU
		{A6AAD053-C77F-454F-971B-65360948AABD}.Release|Any CPU.Build.0 = Release|Any CPU
		{497515EB-5E44-438C-A257-502974B9BF53}.Debug|Any CPU.ActiveCfg = Debug|Any CPU
		{497515EB-5E44-438C-A257-502974B9BF53}.Debug|Any CPU.Build.0 = Debug|Any CPU
		{497515EB-5E44-438C-A257-502974B9BF53}.Release|Any CPU.ActiveCfg = Release|Any CPU
		{497515EB-5E44-438C-A257-502974B9BF53}.Release|Any CPU.Build.0 = Release|Any CPU
		{13957E22-9EF0-46EC-8DD1-11AA49B5844F}.Debug|Any CPU.ActiveCfg = Debug|Any CPU
		{13957E22-9EF0-46EC-8DD1-11AA49B5844F}.Debug|Any CPU.Build.0 = Debug|Any CPU
		{13957E22-9EF0-46EC-8DD1-11AA49B5844F}.Release|Any CPU.ActiveCfg = Release|Any CPU
		{13957E22-9EF0-46EC-8DD1-11AA49B5844F}.Release|Any CPU.Build.0 = Release|Any CPU
		{64B599A8-7155-4184-8C3E-A06415390BC2}.Debug|Any CPU.ActiveCfg = Debug|Any CPU
		{64B599A8-7155-4184-8C3E-A06415390BC2}.Debug|Any CPU.Build.0 = Debug|Any CPU
		{64B599A8-7155-4184-8C3E-A06415390BC2}.Release|Any CPU.ActiveCfg = Release|Any CPU
		{64B599A8-7155-4184-8C3E-A06415390BC2}.Release|Any CPU.Build.0 = Release|Any CPU
		{A7D90875-04B5-4039-9096-4D69D41CE15B}.Debug|Any CPU.ActiveCfg = Debug|Any CPU
		{A7D90875-04B5-4039-9096-4D69D41CE15B}.Debug|Any CPU.Build.0 = Debug|Any CPU
		{A7D90875-04B5-4039-9096-4D69D41CE15B}.Release|Any CPU.ActiveCfg = Release|Any CPU
		{A7D90875-04B5-4039-9096-4D69D41CE15B}.Release|Any CPU.Build.0 = Release|Any CPU
		{1A8FDABA-D876-4E5F-B00A-F184F62CBC88}.Debug|Any CPU.ActiveCfg = Debug|Any CPU
		{1A8FDABA-D876-4E5F-B00A-F184F62CBC88}.Debug|Any CPU.Build.0 = Debug|Any CPU
		{1A8FDABA-D876-4E5F-B00A-F184F62CBC88}.Release|Any CPU.ActiveCfg = Release|Any CPU
		{1A8FDABA-D876-4E5F-B00A-F184F62CBC88}.Release|Any CPU.Build.0 = Release|Any CPU
		{66A92853-651D-4CE9-B900-84F357369712}.Debug|Any CPU.ActiveCfg = Debug|Any CPU
		{66A92853-651D-4CE9-B900-84F357369712}.Debug|Any CPU.Build.0 = Debug|Any CPU
		{66A92853-651D-4CE9-B900-84F357369712}.Release|Any CPU.ActiveCfg = Release|Any CPU
		{66A92853-651D-4CE9-B900-84F357369712}.Release|Any CPU.Build.0 = Release|Any CPU
		{4127247C-F270-46E2-B780-D8BF50FF1378}.Debug|Any CPU.ActiveCfg = Debug|Any CPU
		{4127247C-F270-46E2-B780-D8BF50FF1378}.Debug|Any CPU.Build.0 = Debug|Any CPU
		{4127247C-F270-46E2-B780-D8BF50FF1378}.Release|Any CPU.ActiveCfg = Release|Any CPU
		{4127247C-F270-46E2-B780-D8BF50FF1378}.Release|Any CPU.Build.0 = Release|Any CPU
		{44C29E49-2857-463E-94C1-6BF22945907C}.Debug|Any CPU.ActiveCfg = Debug|Any CPU
		{44C29E49-2857-463E-94C1-6BF22945907C}.Debug|Any CPU.Build.0 = Debug|Any CPU
		{44C29E49-2857-463E-94C1-6BF22945907C}.Release|Any CPU.ActiveCfg = Release|Any CPU
		{44C29E49-2857-463E-94C1-6BF22945907C}.Release|Any CPU.Build.0 = Release|Any CPU
		{86CD9B60-DCA6-413E-8C01-A962910B1A66}.Debug|Any CPU.ActiveCfg = Debug|Any CPU
		{86CD9B60-DCA6-413E-8C01-A962910B1A66}.Debug|Any CPU.Build.0 = Debug|Any CPU
		{86CD9B60-DCA6-413E-8C01-A962910B1A66}.Release|Any CPU.ActiveCfg = Release|Any CPU
		{86CD9B60-DCA6-413E-8C01-A962910B1A66}.Release|Any CPU.Build.0 = Release|Any CPU
		{AA5BB87C-0307-4855-BF16-EC5CFB453CF5}.Debug|Any CPU.ActiveCfg = Debug|Any CPU
		{AA5BB87C-0307-4855-BF16-EC5CFB453CF5}.Debug|Any CPU.Build.0 = Debug|Any CPU
		{AA5BB87C-0307-4855-BF16-EC5CFB453CF5}.Release|Any CPU.ActiveCfg = Release|Any CPU
		{AA5BB87C-0307-4855-BF16-EC5CFB453CF5}.Release|Any CPU.Build.0 = Release|Any CPU
		{DD322069-9BB3-44A4-A189-02A25A9A1003}.Debug|Any CPU.ActiveCfg = Debug|Any CPU
		{DD322069-9BB3-44A4-A189-02A25A9A1003}.Debug|Any CPU.Build.0 = Debug|Any CPU
		{DD322069-9BB3-44A4-A189-02A25A9A1003}.Release|Any CPU.ActiveCfg = Release|Any CPU
		{DD322069-9BB3-44A4-A189-02A25A9A1003}.Release|Any CPU.Build.0 = Release|Any CPU
		{A46A9061-31E4-4C30-9263-E8933FD471B0}.Debug|Any CPU.ActiveCfg = Debug|Any CPU
		{A46A9061-31E4-4C30-9263-E8933FD471B0}.Debug|Any CPU.Build.0 = Debug|Any CPU
		{A46A9061-31E4-4C30-9263-E8933FD471B0}.Release|Any CPU.ActiveCfg = Release|Any CPU
		{A46A9061-31E4-4C30-9263-E8933FD471B0}.Release|Any CPU.Build.0 = Release|Any CPU
		{C88DFDB5-09CD-45E8-9EEB-7834AF5DD18E}.Debug|Any CPU.ActiveCfg = Debug|Any CPU
		{C88DFDB5-09CD-45E8-9EEB-7834AF5DD18E}.Debug|Any CPU.Build.0 = Debug|Any CPU
		{C88DFDB5-09CD-45E8-9EEB-7834AF5DD18E}.Release|Any CPU.ActiveCfg = Release|Any CPU
		{C88DFDB5-09CD-45E8-9EEB-7834AF5DD18E}.Release|Any CPU.Build.0 = Release|Any CPU
		{F5E87768-F7E8-4637-A22D-F5DB661A267C}.Debug|Any CPU.ActiveCfg = Debug|Any CPU
		{F5E87768-F7E8-4637-A22D-F5DB661A267C}.Debug|Any CPU.Build.0 = Debug|Any CPU
		{F5E87768-F7E8-4637-A22D-F5DB661A267C}.Release|Any CPU.ActiveCfg = Release|Any CPU
		{F5E87768-F7E8-4637-A22D-F5DB661A267C}.Release|Any CPU.Build.0 = Release|Any CPU
		{1F976308-653A-4FAB-9D0C-835F71EF9028}.Debug|Any CPU.ActiveCfg = Debug|Any CPU
		{1F976308-653A-4FAB-9D0C-835F71EF9028}.Debug|Any CPU.Build.0 = Debug|Any CPU
		{1F976308-653A-4FAB-9D0C-835F71EF9028}.Release|Any CPU.ActiveCfg = Release|Any CPU
		{1F976308-653A-4FAB-9D0C-835F71EF9028}.Release|Any CPU.Build.0 = Release|Any CPU
		{ED52C354-571E-4F7A-9C28-7E2838B50DD7}.Debug|Any CPU.ActiveCfg = Debug|Any CPU
		{ED52C354-571E-4F7A-9C28-7E2838B50DD7}.Debug|Any CPU.Build.0 = Debug|Any CPU
		{ED52C354-571E-4F7A-9C28-7E2838B50DD7}.Release|Any CPU.ActiveCfg = Release|Any CPU
		{ED52C354-571E-4F7A-9C28-7E2838B50DD7}.Release|Any CPU.Build.0 = Release|Any CPU
		{1CEE9D8C-2C97-410F-89ED-3E817C81B6EF}.Debug|Any CPU.ActiveCfg = Debug|Any CPU
		{1CEE9D8C-2C97-410F-89ED-3E817C81B6EF}.Debug|Any CPU.Build.0 = Debug|Any CPU
		{1CEE9D8C-2C97-410F-89ED-3E817C81B6EF}.Release|Any CPU.ActiveCfg = Release|Any CPU
		{1CEE9D8C-2C97-410F-89ED-3E817C81B6EF}.Release|Any CPU.Build.0 = Release|Any CPU
		{0B4080C6-980B-41CA-B5BD-1D397BB7D4D6}.Debug|Any CPU.ActiveCfg = Debug|Any CPU
		{0B4080C6-980B-41CA-B5BD-1D397BB7D4D6}.Debug|Any CPU.Build.0 = Debug|Any CPU
		{0B4080C6-980B-41CA-B5BD-1D397BB7D4D6}.Release|Any CPU.ActiveCfg = Release|Any CPU
		{0B4080C6-980B-41CA-B5BD-1D397BB7D4D6}.Release|Any CPU.Build.0 = Release|Any CPU
		{07C97073-A3A3-447A-A197-E4181F9B22C2}.Debug|Any CPU.ActiveCfg = Debug|Any CPU
		{07C97073-A3A3-447A-A197-E4181F9B22C2}.Debug|Any CPU.Build.0 = Debug|Any CPU
		{07C97073-A3A3-447A-A197-E4181F9B22C2}.Release|Any CPU.ActiveCfg = Release|Any CPU
		{07C97073-A3A3-447A-A197-E4181F9B22C2}.Release|Any CPU.Build.0 = Release|Any CPU
		{853B498D-9D0E-4F17-96CD-A75D64D7FCB9}.Debug|Any CPU.ActiveCfg = Debug|Any CPU
		{853B498D-9D0E-4F17-96CD-A75D64D7FCB9}.Debug|Any CPU.Build.0 = Debug|Any CPU
		{853B498D-9D0E-4F17-96CD-A75D64D7FCB9}.Release|Any CPU.ActiveCfg = Release|Any CPU
		{853B498D-9D0E-4F17-96CD-A75D64D7FCB9}.Release|Any CPU.Build.0 = Release|Any CPU
		{E0CC7F84-EF61-48C4-9B40-4DC0D4DEE795}.Debug|Any CPU.ActiveCfg = Debug|Any CPU
		{E0CC7F84-EF61-48C4-9B40-4DC0D4DEE795}.Debug|Any CPU.Build.0 = Debug|Any CPU
		{E0CC7F84-EF61-48C4-9B40-4DC0D4DEE795}.Release|Any CPU.ActiveCfg = Release|Any CPU
		{E0CC7F84-EF61-48C4-9B40-4DC0D4DEE795}.Release|Any CPU.Build.0 = Release|Any CPU
		{04B9452B-E691-4FED-9227-3AEF05ED980B}.Debug|Any CPU.ActiveCfg = Debug|Any CPU
		{04B9452B-E691-4FED-9227-3AEF05ED980B}.Debug|Any CPU.Build.0 = Debug|Any CPU
		{04B9452B-E691-4FED-9227-3AEF05ED980B}.Release|Any CPU.ActiveCfg = Release|Any CPU
		{04B9452B-E691-4FED-9227-3AEF05ED980B}.Release|Any CPU.Build.0 = Release|Any CPU
		{FF641D4A-3B7A-45B6-A6C9-52B2D4A24D38}.Debug|Any CPU.ActiveCfg = Debug|Any CPU
		{FF641D4A-3B7A-45B6-A6C9-52B2D4A24D38}.Debug|Any CPU.Build.0 = Debug|Any CPU
		{FF641D4A-3B7A-45B6-A6C9-52B2D4A24D38}.Release|Any CPU.ActiveCfg = Release|Any CPU
		{FF641D4A-3B7A-45B6-A6C9-52B2D4A24D38}.Release|Any CPU.Build.0 = Release|Any CPU
		{88882FFC-A67E-445E-9444-B05E9F67C1D0}.Debug|Any CPU.ActiveCfg = Debug|Any CPU
		{88882FFC-A67E-445E-9444-B05E9F67C1D0}.Debug|Any CPU.Build.0 = Debug|Any CPU
		{88882FFC-A67E-445E-9444-B05E9F67C1D0}.Release|Any CPU.ActiveCfg = Release|Any CPU
		{88882FFC-A67E-445E-9444-B05E9F67C1D0}.Release|Any CPU.Build.0 = Release|Any CPU
		{FE8EC7FA-891B-4559-B3A9-4F8F6E1D077A}.Debug|Any CPU.ActiveCfg = Debug|Any CPU
		{FE8EC7FA-891B-4559-B3A9-4F8F6E1D077A}.Debug|Any CPU.Build.0 = Debug|Any CPU
		{FE8EC7FA-891B-4559-B3A9-4F8F6E1D077A}.Release|Any CPU.ActiveCfg = Release|Any CPU
		{FE8EC7FA-891B-4559-B3A9-4F8F6E1D077A}.Release|Any CPU.Build.0 = Release|Any CPU
		{C07A3301-2789-426F-85B9-54DA30416053}.Debug|Any CPU.ActiveCfg = Debug|Any CPU
		{C07A3301-2789-426F-85B9-54DA30416053}.Debug|Any CPU.Build.0 = Debug|Any CPU
		{C07A3301-2789-426F-85B9-54DA30416053}.Release|Any CPU.ActiveCfg = Release|Any CPU
		{C07A3301-2789-426F-85B9-54DA30416053}.Release|Any CPU.Build.0 = Release|Any CPU
		{25DE07CE-33D1-4B63-BE87-226B985672C1}.Debug|Any CPU.ActiveCfg = Debug|Any CPU
		{25DE07CE-33D1-4B63-BE87-226B985672C1}.Debug|Any CPU.Build.0 = Debug|Any CPU
		{25DE07CE-33D1-4B63-BE87-226B985672C1}.Release|Any CPU.ActiveCfg = Release|Any CPU
		{25DE07CE-33D1-4B63-BE87-226B985672C1}.Release|Any CPU.Build.0 = Release|Any CPU
		{69138CF4-7F2B-483B-BDE3-76F50926D242}.Debug|Any CPU.ActiveCfg = Debug|Any CPU
		{69138CF4-7F2B-483B-BDE3-76F50926D242}.Debug|Any CPU.Build.0 = Debug|Any CPU
		{69138CF4-7F2B-483B-BDE3-76F50926D242}.Release|Any CPU.ActiveCfg = Release|Any CPU
		{69138CF4-7F2B-483B-BDE3-76F50926D242}.Release|Any CPU.Build.0 = Release|Any CPU
		{2A92E326-DA4C-4E41-8195-8764A7F0E698}.Debug|Any CPU.ActiveCfg = Debug|Any CPU
		{2A92E326-DA4C-4E41-8195-8764A7F0E698}.Debug|Any CPU.Build.0 = Debug|Any CPU
		{2A92E326-DA4C-4E41-8195-8764A7F0E698}.Release|Any CPU.ActiveCfg = Release|Any CPU
		{2A92E326-DA4C-4E41-8195-8764A7F0E698}.Release|Any CPU.Build.0 = Release|Any CPU
		{73D80A27-4A3B-4C39-983E-C3DC21A77B3A}.Debug|Any CPU.ActiveCfg = Debug|Any CPU
		{73D80A27-4A3B-4C39-983E-C3DC21A77B3A}.Debug|Any CPU.Build.0 = Debug|Any CPU
		{73D80A27-4A3B-4C39-983E-C3DC21A77B3A}.Release|Any CPU.ActiveCfg = Release|Any CPU
		{73D80A27-4A3B-4C39-983E-C3DC21A77B3A}.Release|Any CPU.Build.0 = Release|Any CPU
		{7C73117B-B7AE-4EB6-BE3D-EC2192A661E1}.Debug|Any CPU.ActiveCfg = Debug|Any CPU
		{7C73117B-B7AE-4EB6-BE3D-EC2192A661E1}.Debug|Any CPU.Build.0 = Debug|Any CPU
		{7C73117B-B7AE-4EB6-BE3D-EC2192A661E1}.Release|Any CPU.ActiveCfg = Release|Any CPU
		{7C73117B-B7AE-4EB6-BE3D-EC2192A661E1}.Release|Any CPU.Build.0 = Release|Any CPU
		{D7EF5C7C-84CF-4460-985D-BC9477A07119}.Debug|Any CPU.ActiveCfg = Debug|Any CPU
		{D7EF5C7C-84CF-4460-985D-BC9477A07119}.Debug|Any CPU.Build.0 = Debug|Any CPU
		{D7EF5C7C-84CF-4460-985D-BC9477A07119}.Release|Any CPU.ActiveCfg = Release|Any CPU
		{D7EF5C7C-84CF-4460-985D-BC9477A07119}.Release|Any CPU.Build.0 = Release|Any CPU
		{A19AC0BF-904F-42A4-972E-C8E6778B126D}.Debug|Any CPU.ActiveCfg = Debug|Any CPU
		{A19AC0BF-904F-42A4-972E-C8E6778B126D}.Debug|Any CPU.Build.0 = Debug|Any CPU
		{A19AC0BF-904F-42A4-972E-C8E6778B126D}.Release|Any CPU.ActiveCfg = Release|Any CPU
		{A19AC0BF-904F-42A4-972E-C8E6778B126D}.Release|Any CPU.Build.0 = Release|Any CPU
		{49613ABE-E219-4867-A9E0-2D01CBDD5DEA}.Debug|Any CPU.ActiveCfg = Debug|Any CPU
		{49613ABE-E219-4867-A9E0-2D01CBDD5DEA}.Debug|Any CPU.Build.0 = Debug|Any CPU
		{49613ABE-E219-4867-A9E0-2D01CBDD5DEA}.Release|Any CPU.ActiveCfg = Release|Any CPU
		{49613ABE-E219-4867-A9E0-2D01CBDD5DEA}.Release|Any CPU.Build.0 = Release|Any CPU
		{88568742-2E66-407F-86CE-EA8261FBE66D}.Debug|Any CPU.ActiveCfg = Debug|Any CPU
		{88568742-2E66-407F-86CE-EA8261FBE66D}.Debug|Any CPU.Build.0 = Debug|Any CPU
		{88568742-2E66-407F-86CE-EA8261FBE66D}.Release|Any CPU.ActiveCfg = Release|Any CPU
		{88568742-2E66-407F-86CE-EA8261FBE66D}.Release|Any CPU.Build.0 = Release|Any CPU
		{4F725A10-C29B-4800-99EF-059663A2DC5D}.Debug|Any CPU.ActiveCfg = Debug|Any CPU
		{4F725A10-C29B-4800-99EF-059663A2DC5D}.Debug|Any CPU.Build.0 = Debug|Any CPU
		{4F725A10-C29B-4800-99EF-059663A2DC5D}.Release|Any CPU.ActiveCfg = Release|Any CPU
		{4F725A10-C29B-4800-99EF-059663A2DC5D}.Release|Any CPU.Build.0 = Release|Any CPU
		{E8DAD9B7-94DD-410D-A4E3-9A0551165751}.Debug|Any CPU.ActiveCfg = Debug|Any CPU
		{E8DAD9B7-94DD-410D-A4E3-9A0551165751}.Debug|Any CPU.Build.0 = Debug|Any CPU
		{E8DAD9B7-94DD-410D-A4E3-9A0551165751}.Release|Any CPU.ActiveCfg = Release|Any CPU
		{E8DAD9B7-94DD-410D-A4E3-9A0551165751}.Release|Any CPU.Build.0 = Release|Any CPU
		{699D8B48-C525-4C69-9641-C57B70DD3D9C}.Debug|Any CPU.ActiveCfg = Debug|Any CPU
		{699D8B48-C525-4C69-9641-C57B70DD3D9C}.Debug|Any CPU.Build.0 = Debug|Any CPU
		{699D8B48-C525-4C69-9641-C57B70DD3D9C}.Release|Any CPU.ActiveCfg = Release|Any CPU
		{699D8B48-C525-4C69-9641-C57B70DD3D9C}.Release|Any CPU.Build.0 = Release|Any CPU
		{345B5607-56F3-4F43-B089-376D1227D648}.Debug|Any CPU.ActiveCfg = Debug|Any CPU
		{345B5607-56F3-4F43-B089-376D1227D648}.Debug|Any CPU.Build.0 = Debug|Any CPU
		{345B5607-56F3-4F43-B089-376D1227D648}.Release|Any CPU.ActiveCfg = Release|Any CPU
		{345B5607-56F3-4F43-B089-376D1227D648}.Release|Any CPU.Build.0 = Release|Any CPU
		{D6AF5412-10E4-45CC-9730-82B3F6ECCEAD}.Debug|Any CPU.ActiveCfg = Debug|Any CPU
		{D6AF5412-10E4-45CC-9730-82B3F6ECCEAD}.Debug|Any CPU.Build.0 = Debug|Any CPU
		{D6AF5412-10E4-45CC-9730-82B3F6ECCEAD}.Release|Any CPU.ActiveCfg = Release|Any CPU
		{D6AF5412-10E4-45CC-9730-82B3F6ECCEAD}.Release|Any CPU.Build.0 = Release|Any CPU
		{BC44F246-1835-4533-8D16-957519FA5D3E}.Debug|Any CPU.ActiveCfg = Debug|Any CPU
		{BC44F246-1835-4533-8D16-957519FA5D3E}.Debug|Any CPU.Build.0 = Debug|Any CPU
		{BC44F246-1835-4533-8D16-957519FA5D3E}.Release|Any CPU.ActiveCfg = Release|Any CPU
		{BC44F246-1835-4533-8D16-957519FA5D3E}.Release|Any CPU.Build.0 = Release|Any CPU
		{46239381-B961-4125-9373-6E3FC9780594}.Debug|Any CPU.ActiveCfg = Debug|Any CPU
		{46239381-B961-4125-9373-6E3FC9780594}.Debug|Any CPU.Build.0 = Debug|Any CPU
		{46239381-B961-4125-9373-6E3FC9780594}.Release|Any CPU.ActiveCfg = Release|Any CPU
		{46239381-B961-4125-9373-6E3FC9780594}.Release|Any CPU.Build.0 = Release|Any CPU
		{805B1DE1-9945-4985-886D-375D1411873D}.Debug|Any CPU.ActiveCfg = Debug|Any CPU
		{805B1DE1-9945-4985-886D-375D1411873D}.Debug|Any CPU.Build.0 = Debug|Any CPU
		{805B1DE1-9945-4985-886D-375D1411873D}.Release|Any CPU.ActiveCfg = Release|Any CPU
		{805B1DE1-9945-4985-886D-375D1411873D}.Release|Any CPU.Build.0 = Release|Any CPU
		{CCBE9A50-6B0D-4013-883B-8AB0B37ABD19}.Debug|Any CPU.ActiveCfg = Debug|Any CPU
		{CCBE9A50-6B0D-4013-883B-8AB0B37ABD19}.Debug|Any CPU.Build.0 = Debug|Any CPU
		{CCBE9A50-6B0D-4013-883B-8AB0B37ABD19}.Release|Any CPU.ActiveCfg = Release|Any CPU
		{CCBE9A50-6B0D-4013-883B-8AB0B37ABD19}.Release|Any CPU.Build.0 = Release|Any CPU
		{78E4D4ED-704D-4D0D-8DB1-37D1314BC0B7}.Debug|Any CPU.ActiveCfg = Debug|Any CPU
		{78E4D4ED-704D-4D0D-8DB1-37D1314BC0B7}.Debug|Any CPU.Build.0 = Debug|Any CPU
		{78E4D4ED-704D-4D0D-8DB1-37D1314BC0B7}.Release|Any CPU.ActiveCfg = Release|Any CPU
		{78E4D4ED-704D-4D0D-8DB1-37D1314BC0B7}.Release|Any CPU.Build.0 = Release|Any CPU
	EndGlobalSection
	GlobalSection(SolutionProperties) = preSolution
		HideSolutionNode = FALSE
	EndGlobalSection
	GlobalSection(ExtensibilityGlobals) = postSolution
		SolutionGuid = {7F682467-F1DC-40F3-BE8E-E2C0E79F862A}
	EndGlobalSection
EndGlobal
