
Microsoft Visual Studio Solution File, Format Version 12.00
# Visual Studio Version 17
VisualStudioVersion = 17.9.34622.214
MinimumVisualStudioVersion = 10.0.40219.1
Project("{FAE04EC0-301F-11D3-BF4B-00C04F79EFBC}") = "ConsoleAppLearn", "ConsoleAppLearn\ConsoleAppLearn.csproj", "{45CC620D-C193-431D-9AFE-C6AE3F2F0210}"
EndProject
Project("{FAE04EC0-301F-11D3-BF4B-00C04F79EFBC}") = "ClassLibraryLearn", "ClassLibraryLearn\ClassLibraryLearn.csproj", "{A73FA49C-5BEF-44CD-A997-C491EFD322A2}"
EndProject
Project("{FAE04EC0-301F-11D3-BF4B-00C04F79EFBC}") = "ClassLibraryStandard", "ClassLibraryStandard\ClassLibraryStandard.csproj", "{975A4095-06B6-47D7-9134-4DC9703E556C}"
EndProject
Project("{FAE04EC0-301F-11D3-BF4B-00C04F79EFBC}") = "WinFormsUI", "WinFormsUI\WinFormsUI.csproj", "{392447DA-2124-4C14-92A2-B978827C5AB5}"
EndProject
Global
	GlobalSection(SolutionConfigurationPlatforms) = preSolution
		Debug|Any CPU = Debug|Any CPU
		Release|Any CPU = Release|Any CPU
	EndGlobalSection
	GlobalSection(ProjectConfigurationPlatforms) = postSolution
		{45CC620D-C193-431D-9AFE-C6AE3F2F0210}.Debug|Any CPU.ActiveCfg = Debug|Any CPU
		{45CC620D-C193-431D-9AFE-C6AE3F2F0210}.Debug|Any CPU.Build.0 = Debug|Any CPU
		{45CC620D-C193-431D-9AFE-C6AE3F2F0210}.Release|Any CPU.ActiveCfg = Release|Any CPU
		{45CC620D-C193-431D-9AFE-C6AE3F2F0210}.Release|Any CPU.Build.0 = Release|Any CPU
		{A73FA49C-5BEF-44CD-A997-C491EFD322A2}.Debug|Any CPU.ActiveCfg = Debug|Any CPU
		{A73FA49C-5BEF-44CD-A997-C491EFD322A2}.Debug|Any CPU.Build.0 = Debug|Any CPU
		{A73FA49C-5BEF-44CD-A997-C491EFD322A2}.Release|Any CPU.ActiveCfg = Release|Any CPU
		{A73FA49C-5BEF-44CD-A997-C491EFD322A2}.Release|Any CPU.Build.0 = Release|Any CPU
		{975A4095-06B6-47D7-9134-4DC9703E556C}.Debug|Any CPU.ActiveCfg = Debug|Any CPU
		{975A4095-06B6-47D7-9134-4DC9703E556C}.Debug|Any CPU.Build.0 = Debug|Any CPU
		{975A4095-06B6-47D7-9134-4DC9703E556C}.Release|Any CPU.ActiveCfg = Release|Any CPU
		{975A4095-06B6-47D7-9134-4DC9703E556C}.Release|Any CPU.Build.0 = Release|Any CPU
		{392447DA-2124-4C14-92A2-B978827C5AB5}.Debug|Any CPU.ActiveCfg = Debug|Any CPU
		{392447DA-2124-4C14-92A2-B978827C5AB5}.Debug|Any CPU.Build.0 = Debug|Any CPU
		{392447DA-2124-4C14-92A2-B978827C5AB5}.Release|Any CPU.ActiveCfg = Release|Any CPU
		{392447DA-2124-4C14-92A2-B978827C5AB5}.Release|Any CPU.Build.0 = Release|Any CPU
	EndGlobalSection
	GlobalSection(SolutionProperties) = preSolution
		HideSolutionNode = FALSE
	EndGlobalSection
	GlobalSection(ExtensibilityGlobals) = postSolution
		SolutionGuid = {4A371F6D-AB0C-4376-85A8-6E2B9DFA62DD}
	EndGlobalSection
EndGlobal
